
Microsoft Visual Studio Solution File, Format Version 12.00
# Visual Studio Version 17
VisualStudioVersion = 17.11.35312.102
MinimumVisualStudioVersion = 10.0.40219.1
Project("{FAE04EC0-301F-11D3-BF4B-00C04F79EFBC}") = "_DailyTimeRecord_Payroll", "_DailyTimeRecord_Payroll\_DailyTimeRecord_Payroll.csproj", "{A7694D17-D9C2-48F9-8E71-7159179B512C}"
EndProject
Global
	GlobalSection(SolutionConfigurationPlatforms) = preSolution
		Debug|Any CPU = Debug|Any CPU
		Release|Any CPU = Release|Any CPU
	EndGlobalSection
	GlobalSection(ProjectConfigurationPlatforms) = postSolution
		{A7694D17-D9C2-48F9-8E71-7159179B512C}.Debug|Any CPU.ActiveCfg = Debug|Any CPU
		{A7694D17-D9C2-48F9-8E71-7159179B512C}.Debug|Any CPU.Build.0 = Debug|Any CPU
		{A7694D17-D9C2-48F9-8E71-7159179B512C}.Release|Any CPU.ActiveCfg = Release|Any CPU
		{A7694D17-D9C2-48F9-8E71-7159179B512C}.Release|Any CPU.Build.0 = Release|Any CPU
	EndGlobalSection
	GlobalSection(SolutionProperties) = preSolution
		HideSolutionNode = FALSE
	EndGlobalSection
	GlobalSection(ExtensibilityGlobals) = postSolution
		SolutionGuid = {38CCB310-9E67-496D-A00E-FFA668F41FB6}
	EndGlobalSection
EndGlobal
